
Microsoft Visual Studio Solution File, Format Version 12.00
# Visual Studio Version 17
VisualStudioVersion = 17.14.36310.24
MinimumVisualStudioVersion = 10.0.40219.1
Project("{FAE04EC0-301F-11D3-BF4B-00C04F79EFBC}") = "DevConnect", "DevConnect\DevConnect.csproj", "{16178B83-C8AA-4312-A268-2B8D340BBF04}"
EndProject
Project("{FAE04EC0-301F-11D3-BF4B-00C04F79EFBC}") = "DevConnect.DataAccess", "DevConnect.DataAccess\DevConnect.DataAccess.csproj", "{55192254-EE73-4AD2-8EDE-4A4DD647D580}"
EndProject
Project("{FAE04EC0-301F-11D3-BF4B-00C04F79EFBC}") = "DevConnect.Repositories", "DevConnect.Repositories\DevConnect.Repositories.csproj", "{A43FDF84-29E1-4BBB-89C3-5DE0885CB1C9}"
EndProject
Project("{FAE04EC0-301F-11D3-BF4B-00C04F79EFBC}") = "DevConnect.BLL", "DevConnect.BLL\DevConnect.BLL.csproj", "{212CA938-5DAB-4F43-AD0E-FB76CE979A23}"
EndProject
Global
	GlobalSection(SolutionConfigurationPlatforms) = preSolution
		Debug|Any CPU = Debug|Any CPU
		Release|Any CPU = Release|Any CPU
	EndGlobalSection
	GlobalSection(ProjectConfigurationPlatforms) = postSolution
		{16178B83-C8AA-4312-A268-2B8D340BBF04}.Debug|Any CPU.ActiveCfg = Debug|Any CPU
		{16178B83-C8AA-4312-A268-2B8D340BBF04}.Debug|Any CPU.Build.0 = Debug|Any CPU
		{16178B83-C8AA-4312-A268-2B8D340BBF04}.Release|Any CPU.ActiveCfg = Release|Any CPU
		{16178B83-C8AA-4312-A268-2B8D340BBF04}.Release|Any CPU.Build.0 = Release|Any CPU
		{55192254-EE73-4AD2-8EDE-4A4DD647D580}.Debug|Any CPU.ActiveCfg = Debug|Any CPU
		{55192254-EE73-4AD2-8EDE-4A4DD647D580}.Debug|Any CPU.Build.0 = Debug|Any CPU
		{55192254-EE73-4AD2-8EDE-4A4DD647D580}.Release|Any CPU.ActiveCfg = Release|Any CPU
		{55192254-EE73-4AD2-8EDE-4A4DD647D580}.Release|Any CPU.Build.0 = Release|Any CPU
		{A43FDF84-29E1-4BBB-89C3-5DE0885CB1C9}.Debug|Any CPU.ActiveCfg = Debug|Any CPU
		{A43FDF84-29E1-4BBB-89C3-5DE0885CB1C9}.Debug|Any CPU.Build.0 = Debug|Any CPU
		{A43FDF84-29E1-4BBB-89C3-5DE0885CB1C9}.Release|Any CPU.ActiveCfg = Release|Any CPU
		{A43FDF84-29E1-4BBB-89C3-5DE0885CB1C9}.Release|Any CPU.Build.0 = Release|Any CPU
		{212CA938-5DAB-4F43-AD0E-FB76CE979A23}.Debug|Any CPU.ActiveCfg = Debug|Any CPU
		{212CA938-5DAB-4F43-AD0E-FB76CE979A23}.Debug|Any CPU.Build.0 = Debug|Any CPU
		{212CA938-5DAB-4F43-AD0E-FB76CE979A23}.Release|Any CPU.ActiveCfg = Release|Any CPU
		{212CA938-5DAB-4F43-AD0E-FB76CE979A23}.Release|Any CPU.Build.0 = Release|Any CPU
	EndGlobalSection
	GlobalSection(SolutionProperties) = preSolution
		HideSolutionNode = FALSE
	EndGlobalSection
	GlobalSection(ExtensibilityGlobals) = postSolution
		SolutionGuid = {2530EE28-9928-4BBF-9F79-4CD2A9FE7534}
	EndGlobalSection
EndGlobal
